
Microsoft Visual Studio Solution File, Format Version 12.00
# Visual Studio Version 17
VisualStudioVersion = 17.5.002.0
MinimumVisualStudioVersion = 10.0.40219.1
Project("{9A19103F-16F7-4668-BE54-9A1E7A4F7556}") = "Tickets", "Tickets.csproj", "{971BF370-8040-42E4-9BA9-67E72552F2A5}"
EndProject
Global
	GlobalSection(SolutionConfigurationPlatforms) = preSolution
		Debug|Any CPU = Debug|Any CPU
		Release|Any CPU = Release|Any CPU
	EndGlobalSection
	GlobalSection(ProjectConfigurationPlatforms) = postSolution
		{971BF370-8040-42E4-9BA9-67E72552F2A5}.Debug|Any CPU.ActiveCfg = Debug|Any CPU
		{971BF370-8040-42E4-9BA9-67E72552F2A5}.Debug|Any CPU.Build.0 = Debug|Any CPU
		{971BF370-8040-42E4-9BA9-67E72552F2A5}.Release|Any CPU.ActiveCfg = Release|Any CPU
		{971BF370-8040-42E4-9BA9-67E72552F2A5}.Release|Any CPU.Build.0 = Release|Any CPU
	EndGlobalSection
	GlobalSection(SolutionProperties) = preSolution
		HideSolutionNode = FALSE
	EndGlobalSection
	GlobalSection(ExtensibilityGlobals) = postSolution
		SolutionGuid = {5CEDF8FA-75C5-48E6-A939-9702E03F5422}
	EndGlobalSection
EndGlobal
